
Microsoft Visual Studio Solution File, Format Version 12.00
# Visual Studio Version 16
VisualStudioVersion = 16.0.31624.102
MinimumVisualStudioVersion = 10.0.40219.1
Project("{FAE04EC0-301F-11D3-BF4B-00C04F79EFBC}") = "Shopping.Client", "Shopping.Client\Shopping.Client.csproj", "{632B0C99-50D5-46B7-9F2B-56CAA107E980}"
EndProject
Global
	GlobalSection(SolutionConfigurationPlatforms) = preSolution
		Debug|Any CPU = Debug|Any CPU
		Release|Any CPU = Release|Any CPU
	EndGlobalSection
	GlobalSection(ProjectConfigurationPlatforms) = postSolution
		{632B0C99-50D5-46B7-9F2B-56CAA107E980}.Debug|Any CPU.ActiveCfg = Debug|Any CPU
		{632B0C99-50D5-46B7-9F2B-56CAA107E980}.Debug|Any CPU.Build.0 = Debug|Any CPU
		{632B0C99-50D5-46B7-9F2B-56CAA107E980}.Release|Any CPU.ActiveCfg = Release|Any CPU
		{632B0C99-50D5-46B7-9F2B-56CAA107E980}.Release|Any CPU.Build.0 = Release|Any CPU
	EndGlobalSection
	GlobalSection(SolutionProperties) = preSolution
		HideSolutionNode = FALSE
	EndGlobalSection
	GlobalSection(ExtensibilityGlobals) = postSolution
		SolutionGuid = {CBF2B56F-FCEC-48B6-B1C1-63250A9BE75D}
	EndGlobalSection
EndGlobal
